
Microsoft Visual Studio Solution File, Format Version 12.00
# Visual Studio Version 17
VisualStudioVersion = 17.6.33829.357
MinimumVisualStudioVersion = 10.0.40219.1
Project("{FAE04EC0-301F-11D3-BF4B-00C04F79EFBC}") = "Zoo Programm", "Zoo Programm.csproj", "{A00656E9-04A6-4991-93E0-C9D09CF56A8A}"
EndProject
Global
	GlobalSection(SolutionConfigurationPlatforms) = preSolution
		Debug|Any CPU = Debug|Any CPU
		Release|Any CPU = Release|Any CPU
	EndGlobalSection
	GlobalSection(ProjectConfigurationPlatforms) = postSolution
		{A00656E9-04A6-4991-93E0-C9D09CF56A8A}.Debug|Any CPU.ActiveCfg = Debug|Any CPU
		{A00656E9-04A6-4991-93E0-C9D09CF56A8A}.Debug|Any CPU.Build.0 = Debug|Any CPU
		{A00656E9-04A6-4991-93E0-C9D09CF56A8A}.Release|Any CPU.ActiveCfg = Release|Any CPU
		{A00656E9-04A6-4991-93E0-C9D09CF56A8A}.Release|Any CPU.Build.0 = Release|Any CPU
	EndGlobalSection
	GlobalSection(SolutionProperties) = preSolution
		HideSolutionNode = FALSE
	EndGlobalSection
	GlobalSection(ExtensibilityGlobals) = postSolution
		SolutionGuid = {EDA5911B-ACF9-4338-AA3E-E54EFD8552FC}
	EndGlobalSection
EndGlobal
